
Microsoft Visual Studio Solution File, Format Version 12.00
# Visual Studio 15
VisualStudioVersion = 15.0.28307.572
MinimumVisualStudioVersion = 10.0.40219.1
Project("{2150E333-8FDC-42A3-9474-1A3956D46DE8}") = "BWCore", "BWCore", "{AAE55F33-335E-408D-8DF6-B823B89A3742}"
EndProject
Project("{9A19103F-16F7-4668-BE54-9A1E7A4F7556}") = "BWCore.BLL", "BWCore.BLL\BWCore.BLL.csproj", "{65402EB0-B379-4692-B5A5-F1045DA1F727}"
EndProject
Project("{9A19103F-16F7-4668-BE54-9A1E7A4F7556}") = "BWCore.Common", "BWCore.Common\BWCore.Common.csproj", "{5E9EC70B-B818-449F-A4A9-CAB655981A8B}"
EndProject
Project("{9A19103F-16F7-4668-BE54-9A1E7A4F7556}") = "BWCore.DAL", "BWCore.DAL\BWCore.DAL.csproj", "{4826066F-8AAF-4449-B4EC-6737E8DD1694}"
EndProject
Project("{9A19103F-16F7-4668-BE54-9A1E7A4F7556}") = "BWCore.DBHelper", "BWCore.DBHelper\BWCore.DBHelper.csproj", "{E2DF650B-F0CB-46DF-ADD9-17AD7B966C8E}"
EndProject
Project("{9A19103F-16F7-4668-BE54-9A1E7A4F7556}") = "BWCore.DBTransactionHelper", "BWCore.DBTransactionHelper\BWCore.DBTransactionHelper.csproj", "{719EEE96-EE36-4859-87DC-00D166361DB5}"
EndProject
Project("{9A19103F-16F7-4668-BE54-9A1E7A4F7556}") = "BWCore.Model", "BWCore.Model\BWCore.Model.csproj", "{633E52DC-F20C-4BAD-A404-B39B99A090DE}"
EndProject
Project("{9A19103F-16F7-4668-BE54-9A1E7A4F7556}") = "BWCore.WebApi", "BWCore.WebApi\BWCore.WebApi.csproj", "{F79744E0-BEAD-4B81-9DC9-CF1BC3FA7C58}"
EndProject
Project("{FAE04EC0-301F-11D3-BF4B-00C04F79EFBC}") = "BWCore.Log", "BWCore.Log\BWCore.Log.csproj", "{D83DDADF-82E3-4DD0-B525-2872AEC8052F}"
EndProject
Global
	GlobalSection(SolutionConfigurationPlatforms) = preSolution
		Debug|Any CPU = Debug|Any CPU
		Debug|x64 = Debug|x64
		Release|Any CPU = Release|Any CPU
		Release|x64 = Release|x64
	EndGlobalSection
	GlobalSection(ProjectConfigurationPlatforms) = postSolution
		{65402EB0-B379-4692-B5A5-F1045DA1F727}.Debug|Any CPU.ActiveCfg = Debug|Any CPU
		{65402EB0-B379-4692-B5A5-F1045DA1F727}.Debug|Any CPU.Build.0 = Debug|Any CPU
		{65402EB0-B379-4692-B5A5-F1045DA1F727}.Debug|x64.ActiveCfg = Debug|x64
		{65402EB0-B379-4692-B5A5-F1045DA1F727}.Debug|x64.Build.0 = Debug|x64
		{65402EB0-B379-4692-B5A5-F1045DA1F727}.Release|Any CPU.ActiveCfg = Release|Any CPU
		{65402EB0-B379-4692-B5A5-F1045DA1F727}.Release|Any CPU.Build.0 = Release|Any CPU
		{65402EB0-B379-4692-B5A5-F1045DA1F727}.Release|x64.ActiveCfg = Release|x64
		{65402EB0-B379-4692-B5A5-F1045DA1F727}.Release|x64.Build.0 = Release|x64
		{5E9EC70B-B818-449F-A4A9-CAB655981A8B}.Debug|Any CPU.ActiveCfg = Debug|Any CPU
		{5E9EC70B-B818-449F-A4A9-CAB655981A8B}.Debug|Any CPU.Build.0 = Debug|Any CPU
		{5E9EC70B-B818-449F-A4A9-CAB655981A8B}.Debug|x64.ActiveCfg = Debug|x64
		{5E9EC70B-B818-449F-A4A9-CAB655981A8B}.Debug|x64.Build.0 = Debug|x64
		{5E9EC70B-B818-449F-A4A9-CAB655981A8B}.Release|Any CPU.ActiveCfg = Release|Any CPU
		{5E9EC70B-B818-449F-A4A9-CAB655981A8B}.Release|Any CPU.Build.0 = Release|Any CPU
		{5E9EC70B-B818-449F-A4A9-CAB655981A8B}.Release|x64.ActiveCfg = Release|x64
		{5E9EC70B-B818-449F-A4A9-CAB655981A8B}.Release|x64.Build.0 = Release|x64
		{4826066F-8AAF-4449-B4EC-6737E8DD1694}.Debug|Any CPU.ActiveCfg = Debug|Any CPU
		{4826066F-8AAF-4449-B4EC-6737E8DD1694}.Debug|Any CPU.Build.0 = Debug|Any CPU
		{4826066F-8AAF-4449-B4EC-6737E8DD1694}.Debug|x64.ActiveCfg = Debug|x64
		{4826066F-8AAF-4449-B4EC-6737E8DD1694}.Debug|x64.Build.0 = Debug|x64
		{4826066F-8AAF-4449-B4EC-6737E8DD1694}.Release|Any CPU.ActiveCfg = Release|Any CPU
		{4826066F-8AAF-4449-B4EC-6737E8DD1694}.Release|Any CPU.Build.0 = Release|Any CPU
		{4826066F-8AAF-4449-B4EC-6737E8DD1694}.Release|x64.ActiveCfg = Release|x64
		{4826066F-8AAF-4449-B4EC-6737E8DD1694}.Release|x64.Build.0 = Release|x64
		{E2DF650B-F0CB-46DF-ADD9-17AD7B966C8E}.Debug|Any CPU.ActiveCfg = Debug|Any CPU
		{E2DF650B-F0CB-46DF-ADD9-17AD7B966C8E}.Debug|Any CPU.Build.0 = Debug|Any CPU
		{E2DF650B-F0CB-46DF-ADD9-17AD7B966C8E}.Debug|x64.ActiveCfg = Debug|x64
		{E2DF650B-F0CB-46DF-ADD9-17AD7B966C8E}.Debug|x64.Build.0 = Debug|x64
		{E2DF650B-F0CB-46DF-ADD9-17AD7B966C8E}.Release|Any CPU.ActiveCfg = Release|Any CPU
		{E2DF650B-F0CB-46DF-ADD9-17AD7B966C8E}.Release|Any CPU.Build.0 = Release|Any CPU
		{E2DF650B-F0CB-46DF-ADD9-17AD7B966C8E}.Release|x64.ActiveCfg = Release|x64
		{E2DF650B-F0CB-46DF-ADD9-17AD7B966C8E}.Release|x64.Build.0 = Release|x64
		{719EEE96-EE36-4859-87DC-00D166361DB5}.Debug|Any CPU.ActiveCfg = Debug|Any CPU
		{719EEE96-EE36-4859-87DC-00D166361DB5}.Debug|Any CPU.Build.0 = Debug|Any CPU
		{719EEE96-EE36-4859-87DC-00D166361DB5}.Debug|x64.ActiveCfg = Debug|x64
		{719EEE96-EE36-4859-87DC-00D166361DB5}.Debug|x64.Build.0 = Debug|x64
		{719EEE96-EE36-4859-87DC-00D166361DB5}.Release|Any CPU.ActiveCfg = Release|Any CPU
		{719EEE96-EE36-4859-87DC-00D166361DB5}.Release|Any CPU.Build.0 = Release|Any CPU
		{719EEE96-EE36-4859-87DC-00D166361DB5}.Release|x64.ActiveCfg = Release|x64
		{719EEE96-EE36-4859-87DC-00D166361DB5}.Release|x64.Build.0 = Release|x64
		{633E52DC-F20C-4BAD-A404-B39B99A090DE}.Debug|Any CPU.ActiveCfg = Debug|Any CPU
		{633E52DC-F20C-4BAD-A404-B39B99A090DE}.Debug|Any CPU.Build.0 = Debug|Any CPU
		{633E52DC-F20C-4BAD-A404-B39B99A090DE}.Debug|x64.ActiveCfg = Debug|x64
		{633E52DC-F20C-4BAD-A404-B39B99A090DE}.Debug|x64.Build.0 = Debug|x64
		{633E52DC-F20C-4BAD-A404-B39B99A090DE}.Release|Any CPU.ActiveCfg = Release|Any CPU
		{633E52DC-F20C-4BAD-A404-B39B99A090DE}.Release|Any CPU.Build.0 = Release|Any CPU
		{633E52DC-F20C-4BAD-A404-B39B99A090DE}.Release|x64.ActiveCfg = Release|x64
		{633E52DC-F20C-4BAD-A404-B39B99A090DE}.Release|x64.Build.0 = Release|x64
		{F79744E0-BEAD-4B81-9DC9-CF1BC3FA7C58}.Debug|Any CPU.ActiveCfg = Debug|Any CPU
		{F79744E0-BEAD-4B81-9DC9-CF1BC3FA7C58}.Debug|Any CPU.Build.0 = Debug|Any CPU
		{F79744E0-BEAD-4B81-9DC9-CF1BC3FA7C58}.Debug|x64.ActiveCfg = Debug|x64
		{F79744E0-BEAD-4B81-9DC9-CF1BC3FA7C58}.Debug|x64.Build.0 = Debug|x64
		{F79744E0-BEAD-4B81-9DC9-CF1BC3FA7C58}.Release|Any CPU.ActiveCfg = Release|Any CPU
		{F79744E0-BEAD-4B81-9DC9-CF1BC3FA7C58}.Release|Any CPU.Build.0 = Release|Any CPU
		{F79744E0-BEAD-4B81-9DC9-CF1BC3FA7C58}.Release|x64.ActiveCfg = Release|x64
		{F79744E0-BEAD-4B81-9DC9-CF1BC3FA7C58}.Release|x64.Build.0 = Release|x64
		{D83DDADF-82E3-4DD0-B525-2872AEC8052F}.Debug|Any CPU.ActiveCfg = Debug|Any CPU
		{D83DDADF-82E3-4DD0-B525-2872AEC8052F}.Debug|Any CPU.Build.0 = Debug|Any CPU
		{D83DDADF-82E3-4DD0-B525-2872AEC8052F}.Debug|x64.ActiveCfg = Debug|Any CPU
		{D83DDADF-82E3-4DD0-B525-2872AEC8052F}.Debug|x64.Build.0 = Debug|Any CPU
		{D83DDADF-82E3-4DD0-B525-2872AEC8052F}.Release|Any CPU.ActiveCfg = Release|Any CPU
		{D83DDADF-82E3-4DD0-B525-2872AEC8052F}.Release|Any CPU.Build.0 = Release|Any CPU
		{D83DDADF-82E3-4DD0-B525-2872AEC8052F}.Release|x64.ActiveCfg = Release|Any CPU
		{D83DDADF-82E3-4DD0-B525-2872AEC8052F}.Release|x64.Build.0 = Release|Any CPU
	EndGlobalSection
	GlobalSection(SolutionProperties) = preSolution
		HideSolutionNode = FALSE
	EndGlobalSection
	GlobalSection(NestedProjects) = preSolution
		{65402EB0-B379-4692-B5A5-F1045DA1F727} = {AAE55F33-335E-408D-8DF6-B823B89A3742}
		{5E9EC70B-B818-449F-A4A9-CAB655981A8B} = {AAE55F33-335E-408D-8DF6-B823B89A3742}
		{4826066F-8AAF-4449-B4EC-6737E8DD1694} = {AAE55F33-335E-408D-8DF6-B823B89A3742}
		{E2DF650B-F0CB-46DF-ADD9-17AD7B966C8E} = {AAE55F33-335E-408D-8DF6-B823B89A3742}
		{719EEE96-EE36-4859-87DC-00D166361DB5} = {AAE55F33-335E-408D-8DF6-B823B89A3742}
		{633E52DC-F20C-4BAD-A404-B39B99A090DE} = {AAE55F33-335E-408D-8DF6-B823B89A3742}
		{F79744E0-BEAD-4B81-9DC9-CF1BC3FA7C58} = {AAE55F33-335E-408D-8DF6-B823B89A3742}
		{D83DDADF-82E3-4DD0-B525-2872AEC8052F} = {AAE55F33-335E-408D-8DF6-B823B89A3742}
	EndGlobalSection
	GlobalSection(ExtensibilityGlobals) = postSolution
		SolutionGuid = {77590BFA-A72E-4767-9C4D-4E6FB78D8553}
	EndGlobalSection
EndGlobal
